
Microsoft Visual Studio Solution File, Format Version 12.00
# Visual Studio Version 17
VisualStudioVersion = 17.7.34031.279
MinimumVisualStudioVersion = 10.0.40219.1
Project("{FAE04EC0-301F-11D3-BF4B-00C04F79EFBC}") = "FTPDownloader", "FTPDownloader.csproj", "{C1D75521-0E4E-4095-B51A-87D12C5F55CD}"
EndProject
Global
	GlobalSection(SolutionConfigurationPlatforms) = preSolution
		Debug|Any CPU = Debug|Any CPU
		Release|Any CPU = Release|Any CPU
	EndGlobalSection
	GlobalSection(ProjectConfigurationPlatforms) = postSolution
		{C1D75521-0E4E-4095-B51A-87D12C5F55CD}.Debug|Any CPU.ActiveCfg = Debug|Any CPU
		{C1D75521-0E4E-4095-B51A-87D12C5F55CD}.Debug|Any CPU.Build.0 = Debug|Any CPU
		{C1D75521-0E4E-4095-B51A-87D12C5F55CD}.Release|Any CPU.ActiveCfg = Release|Any CPU
		{C1D75521-0E4E-4095-B51A-87D12C5F55CD}.Release|Any CPU.Build.0 = Release|Any CPU
	EndGlobalSection
	GlobalSection(SolutionProperties) = preSolution
		HideSolutionNode = FALSE
	EndGlobalSection
	GlobalSection(ExtensibilityGlobals) = postSolution
		SolutionGuid = {516CFF3D-391B-4708-B195-C417F315D518}
	EndGlobalSection
EndGlobal
